// !$*UTF8*$!
{
	archiveVersion = 1;
	classes = {
	};
	objectVersion = 50;
	objects = {

/* Begin PBXBuildFile section */
		36A1C24825C3E01000A6C07C /* main.cpp in Sources */ = {isa = PBXBuildFile; fileRef = 36A1C24725C3E01000A6C07C /* main.cpp */; };
		36A1C25125C4AD1400A6C07C /* OpenGL.framework in Frameworks */ = {isa = PBXBuildFile; fileRef = 36A1C25025C4AD1400A6C07C /* OpenGL.framework */; };
		36A1C25325C4AD4600A6C07C /* libGLEW.2.1.0.dylib in Frameworks */ = {isa = PBXBuildFile; fileRef = 36A1C25225C4AD4600A6C07C /* libGLEW.2.1.0.dylib */; };
		36A1C25525C4AD6100A6C07C /* libglfw.3.3.dylib in Frameworks */ = {isa = PBXBuildFile; fileRef = 36A1C25425C4AD6100A6C07C /* libglfw.3.3.dylib */; };
		36A1C25725C4AD7E00A6C07C /* libusb-1.0.0.dylib in Frameworks */ = {isa = PBXBuildFile; fileRef = 36A1C25625C4AD7E00A6C07C /* libusb-1.0.0.dylib */; };
		36A1C25925C4AD9400A6C07C /* libfreenect.0.6.1.dylib in Frameworks */ = {isa = PBXBuildFile; fileRef = 36A1C25825C4AD9400A6C07C /* libfreenect.0.6.1.dylib */; };
		36A1C25E25C4AF3300A6C07C /* Window.cpp in Sources */ = {isa = PBXBuildFile; fileRef = 36A1C25C25C4AF3300A6C07C /* Window.cpp */; };
		36A1C26325C4B4BD00A6C07C /* FreenectDevice.cpp in Sources */ = {isa = PBXBuildFile; fileRef = 36A1C26125C4B4BD00A6C07C /* FreenectDevice.cpp */; };
		36A1C26E25C4BCB700A6C07C /* ShaderProgram.cpp in Sources */ = {isa = PBXBuildFile; fileRef = 36A1C26C25C4BCB700A6C07C /* ShaderProgram.cpp */; };
		36A1C27425C4BCF200A6C07C /* FileUtils.cpp in Sources */ = {isa = PBXBuildFile; fileRef = 36A1C27225C4BCF200A6C07C /* FileUtils.cpp */; };
/* End PBXBuildFile section */

/* Begin PBXCopyFilesBuildPhase section */
		36A1C24225C3E01000A6C07C /* CopyFiles */ = {
			isa = PBXCopyFilesBuildPhase;
			buildActionMask = 2147483647;
			dstPath = /usr/share/man/man1/;
			dstSubfolderSpec = 0;
			files = (
			);
			runOnlyForDeploymentPostprocessing = 1;
		};
/* End PBXCopyFilesBuildPhase section */

/* Begin PBXFileReference section */
		36A1C24425C3E01000A6C07C /* KinectApp */ = {isa = PBXFileReference; explicitFileType = "compiled.mach-o.executable"; includeInIndex = 0; path = KinectApp; sourceTree = BUILT_PRODUCTS_DIR; };
		36A1C24725C3E01000A6C07C /* main.cpp */ = {isa = PBXFileReference; lastKnownFileType = sourcecode.cpp.cpp; path = main.cpp; sourceTree = "<group>"; };
		36A1C25025C4AD1400A6C07C /* OpenGL.framework */ = {isa = PBXFileReference; lastKnownFileType = wrapper.framework; name = OpenGL.framework; path = System/Library/Frameworks/OpenGL.framework; sourceTree = SDKROOT; };
		36A1C25225C4AD4600A6C07C /* libGLEW.2.1.0.dylib */ = {isa = PBXFileReference; lastKnownFileType = "compiled.mach-o.dylib"; name = libGLEW.2.1.0.dylib; path = ../../../../../usr/local/Cellar/glew/2.1.0/lib/libGLEW.2.1.0.dylib; sourceTree = "<group>"; };
		36A1C25425C4AD6100A6C07C /* libglfw.3.3.dylib */ = {isa = PBXFileReference; lastKnownFileType = "compiled.mach-o.dylib"; name = libglfw.3.3.dylib; path = ../../../../../usr/local/Cellar/glfw/3.3.2/lib/libglfw.3.3.dylib; sourceTree = "<group>"; };
		36A1C25625C4AD7E00A6C07C /* libusb-1.0.0.dylib */ = {isa = PBXFileReference; lastKnownFileType = "compiled.mach-o.dylib"; name = "libusb-1.0.0.dylib"; path = "../../../../../usr/local/Cellar/libusb/1.0.24/lib/libusb-1.0.0.dylib"; sourceTree = "<group>"; };
		36A1C25825C4AD9400A6C07C /* libfreenect.0.6.1.dylib */ = {isa = PBXFileReference; lastKnownFileType = "compiled.mach-o.dylib"; name = libfreenect.0.6.1.dylib; path = ../../../../../usr/local/Cellar/libfreenect/0.6.1_1/lib/libfreenect.0.6.1.dylib; sourceTree = "<group>"; };
		36A1C25C25C4AF3300A6C07C /* Window.cpp */ = {isa = PBXFileReference; lastKnownFileType = sourcecode.cpp.cpp; path = Window.cpp; sourceTree = "<group>"; };
		36A1C25D25C4AF3300A6C07C /* Window.hpp */ = {isa = PBXFileReference; lastKnownFileType = sourcecode.cpp.h; path = Window.hpp; sourceTree = "<group>"; };
		36A1C26125C4B4BD00A6C07C /* FreenectDevice.cpp */ = {isa = PBXFileReference; lastKnownFileType = sourcecode.cpp.cpp; path = FreenectDevice.cpp; sourceTree = "<group>"; };
		36A1C26225C4B4BD00A6C07C /* FreenectDevice.hpp */ = {isa = PBXFileReference; lastKnownFileType = sourcecode.cpp.h; path = FreenectDevice.hpp; sourceTree = "<group>"; };
		36A1C26725C4B64A00A6C07C /* Mutex.hpp */ = {isa = PBXFileReference; lastKnownFileType = sourcecode.cpp.h; path = Mutex.hpp; sourceTree = "<group>"; };
		36A1C26C25C4BCB700A6C07C /* ShaderProgram.cpp */ = {isa = PBXFileReference; lastKnownFileType = sourcecode.cpp.cpp; path = ShaderProgram.cpp; sourceTree = "<group>"; };
		36A1C26D25C4BCB700A6C07C /* ShaderProgram.hpp */ = {isa = PBXFileReference; lastKnownFileType = sourcecode.cpp.h; path = ShaderProgram.hpp; sourceTree = "<group>"; };
		36A1C27225C4BCF200A6C07C /* FileUtils.cpp */ = {isa = PBXFileReference; lastKnownFileType = sourcecode.cpp.cpp; path = FileUtils.cpp; sourceTree = "<group>"; };
		36A1C27325C4BCF200A6C07C /* FileUtils.hpp */ = {isa = PBXFileReference; lastKnownFileType = sourcecode.cpp.h; path = FileUtils.hpp; sourceTree = "<group>"; };
		36A1C27925C4C38600A6C07C /* BasicTextureVertexShader.glsl */ = {isa = PBXFileReference; lastKnownFileType = text; path = BasicTextureVertexShader.glsl; sourceTree = "<group>"; };
		36A1C27A25C4C39500A6C07C /* BasicTextureFragmentShader.glsl */ = {isa = PBXFileReference; lastKnownFileType = text; path = BasicTextureFragmentShader.glsl; sourceTree = "<group>"; };
/* End PBXFileReference section */

/* Begin PBXFrameworksBuildPhase section */
		36A1C24125C3E01000A6C07C /* Frameworks */ = {
			isa = PBXFrameworksBuildPhase;
			buildActionMask = 2147483647;
			files = (
				36A1C25125C4AD1400A6C07C /* OpenGL.framework in Frameworks */,
				36A1C25325C4AD4600A6C07C /* libGLEW.2.1.0.dylib in Frameworks */,
				36A1C25525C4AD6100A6C07C /* libglfw.3.3.dylib in Frameworks */,
				36A1C25925C4AD9400A6C07C /* libfreenect.0.6.1.dylib in Frameworks */,
				36A1C25725C4AD7E00A6C07C /* libusb-1.0.0.dylib in Frameworks */,
			);
			runOnlyForDeploymentPostprocessing = 0;
		};
/* End PBXFrameworksBuildPhase section */

/* Begin PBXGroup section */
		36A1C23B25C3E01000A6C07C = {
			isa = PBXGroup;
			children = (
				36A1C24625C3E01000A6C07C /* KinectApp */,
				36A1C24525C3E01000A6C07C /* Products */,
				36A1C24F25C4AD1300A6C07C /* Frameworks */,
			);
			sourceTree = "<group>";
		};
		36A1C24525C3E01000A6C07C /* Products */ = {
			isa = PBXGroup;
			children = (
				36A1C24425C3E01000A6C07C /* KinectApp */,
			);
			name = Products;
			sourceTree = "<group>";
		};
		36A1C24625C3E01000A6C07C /* KinectApp */ = {
			isa = PBXGroup;
			children = (
				36A1C27125C4BCD700A6C07C /* Utils */,
				36A1C26B25C4BC9700A6C07C /* Rendering */,
				36A1C25B25C4AF1C00A6C07C /* Window */,
				36A1C24725C3E01000A6C07C /* main.cpp */,
				36A1C26225C4B4BD00A6C07C /* FreenectDevice.hpp */,
				36A1C26125C4B4BD00A6C07C /* FreenectDevice.cpp */,
				36A1C26725C4B64A00A6C07C /* Mutex.hpp */,
			);
			path = KinectApp;
			sourceTree = "<group>";
		};
		36A1C24F25C4AD1300A6C07C /* Frameworks */ = {
			isa = PBXGroup;
			children = (
				36A1C25825C4AD9400A6C07C /* libfreenect.0.6.1.dylib */,
				36A1C25625C4AD7E00A6C07C /* libusb-1.0.0.dylib */,
				36A1C25425C4AD6100A6C07C /* libglfw.3.3.dylib */,
				36A1C25225C4AD4600A6C07C /* libGLEW.2.1.0.dylib */,
				36A1C25025C4AD1400A6C07C /* OpenGL.framework */,
			);
			name = Frameworks;
			sourceTree = "<group>";
		};
		36A1C25B25C4AF1C00A6C07C /* Window */ = {
			isa = PBXGroup;
			children = (
				36A1C25D25C4AF3300A6C07C /* Window.hpp */,
				36A1C25C25C4AF3300A6C07C /* Window.cpp */,
			);
			path = Window;
			sourceTree = "<group>";
		};
		36A1C26B25C4BC9700A6C07C /* Rendering */ = {
			isa = PBXGroup;
			children = (
				36A1C27825C4C35100A6C07C /* Shaders */,
				36A1C26D25C4BCB700A6C07C /* ShaderProgram.hpp */,
				36A1C26C25C4BCB700A6C07C /* ShaderProgram.cpp */,
			);
			path = Rendering;
			sourceTree = "<group>";
		};
		36A1C27125C4BCD700A6C07C /* Utils */ = {
			isa = PBXGroup;
			children = (
				36A1C27325C4BCF200A6C07C /* FileUtils.hpp */,
				36A1C27225C4BCF200A6C07C /* FileUtils.cpp */,
			);
			path = Utils;
			sourceTree = "<group>";
		};
		36A1C27825C4C35100A6C07C /* Shaders */ = {
			isa = PBXGroup;
			children = (
				36A1C27925C4C38600A6C07C /* BasicTextureVertexShader.glsl */,
				36A1C27A25C4C39500A6C07C /* BasicTextureFragmentShader.glsl */,
			);
			path = Shaders;
			sourceTree = "<group>";
		};
/* End PBXGroup section */

/* Begin PBXNativeTarget section */
		36A1C24325C3E01000A6C07C /* KinectApp */ = {
			isa = PBXNativeTarget;
			buildConfigurationList = 36A1C24B25C3E01000A6C07C /* Build configuration list for PBXNativeTarget "KinectApp" */;
			buildPhases = (
				36A1C24025C3E01000A6C07C /* Sources */,
				36A1C24125C3E01000A6C07C /* Frameworks */,
				36A1C24225C3E01000A6C07C /* CopyFiles */,
			);
			buildRules = (
			);
			dependencies = (
			);
			name = KinectApp;
			productName = KinectApp;
			productReference = 36A1C24425C3E01000A6C07C /* KinectApp */;
			productType = "com.apple.product-type.tool";
		};
/* End PBXNativeTarget section */

/* Begin PBXProject section */
		36A1C23C25C3E01000A6C07C /* Project object */ = {
			isa = PBXProject;
			attributes = {
				LastUpgradeCheck = 1230;
				TargetAttributes = {
					36A1C24325C3E01000A6C07C = {
						CreatedOnToolsVersion = 12.3;
					};
				};
			};
			buildConfigurationList = 36A1C23F25C3E01000A6C07C /* Build configuration list for PBXProject "KinectApp" */;
			compatibilityVersion = "Xcode 9.3";
			developmentRegion = en;
			hasScannedForEncodings = 0;
			knownRegions = (
				en,
				Base,
			);
			mainGroup = 36A1C23B25C3E01000A6C07C;
			productRefGroup = 36A1C24525C3E01000A6C07C /* Products */;
			projectDirPath = "";
			projectRoot = "";
			targets = (
				36A1C24325C3E01000A6C07C /* KinectApp */,
			);
		};
/* End PBXProject section */

/* Begin PBXSourcesBuildPhase section */
		36A1C24025C3E01000A6C07C /* Sources */ = {
			isa = PBXSourcesBuildPhase;
			buildActionMask = 2147483647;
			files = (
				36A1C24825C3E01000A6C07C /* main.cpp in Sources */,
				36A1C26E25C4BCB700A6C07C /* ShaderProgram.cpp in Sources */,
				36A1C26325C4B4BD00A6C07C /* FreenectDevice.cpp in Sources */,
				36A1C27425C4BCF200A6C07C /* FileUtils.cpp in Sources */,
				36A1C25E25C4AF3300A6C07C /* Window.cpp in Sources */,
			);
			runOnlyForDeploymentPostprocessing = 0;
		};
/* End PBXSourcesBuildPhase section */

/* Begin XCBuildConfiguration section */
		36A1C24925C3E01000A6C07C /* Debug */ = {
			isa = XCBuildConfiguration;
			buildSettings = {
				ALWAYS_SEARCH_USER_PATHS = NO;
				CLANG_ANALYZER_NONNULL = YES;
				CLANG_ANALYZER_NUMBER_OBJECT_CONVERSION = YES_AGGRESSIVE;
				CLANG_CXX_LANGUAGE_STANDARD = "gnu++14";
				CLANG_CXX_LIBRARY = "libc++";
				CLANG_ENABLE_MODULES = YES;
				CLANG_ENABLE_OBJC_ARC = YES;
				CLANG_ENABLE_OBJC_WEAK = YES;
				CLANG_WARN_BLOCK_CAPTURE_AUTORELEASING = YES;
				CLANG_WARN_BOOL_CONVERSION = YES;
				CLANG_WARN_COMMA = YES;
				CLANG_WARN_CONSTANT_CONVERSION = YES;
				CLANG_WARN_DEPRECATED_OBJC_IMPLEMENTATIONS = YES;
				CLANG_WARN_DIRECT_OBJC_ISA_USAGE = YES_ERROR;
				CLANG_WARN_DOCUMENTATION_COMMENTS = YES;
				CLANG_WARN_EMPTY_BODY = YES;
				CLANG_WARN_ENUM_CONVERSION = YES;
				CLANG_WARN_INFINITE_RECURSION = YES;
				CLANG_WARN_INT_CONVERSION = YES;
				CLANG_WARN_NON_LITERAL_NULL_CONVERSION = YES;
				CLANG_WARN_OBJC_IMPLICIT_RETAIN_SELF = YES;
				CLANG_WARN_OBJC_LITERAL_CONVERSION = YES;
				CLANG_WARN_OBJC_ROOT_CLASS = YES_ERROR;
				CLANG_WARN_QUOTED_INCLUDE_IN_FRAMEWORK_HEADER = YES;
				CLANG_WARN_RANGE_LOOP_ANALYSIS = YES;
				CLANG_WARN_STRICT_PROTOTYPES = YES;
				CLANG_WARN_SUSPICIOUS_MOVE = YES;
				CLANG_WARN_UNGUARDED_AVAILABILITY = YES_AGGRESSIVE;
				CLANG_WARN_UNREACHABLE_CODE = YES;
				CLANG_WARN__DUPLICATE_METHOD_MATCH = YES;
				COPY_PHASE_STRIP = NO;
				DEBUG_INFORMATION_FORMAT = dwarf;
				ENABLE_STRICT_OBJC_MSGSEND = YES;
				ENABLE_TESTABILITY = YES;
				GCC_C_LANGUAGE_STANDARD = gnu11;
				GCC_DYNAMIC_NO_PIC = NO;
				GCC_NO_COMMON_BLOCKS = YES;
				GCC_OPTIMIZATION_LEVEL = 0;
				GCC_PREPROCESSOR_DEFINITIONS = (
					"DEBUG=1",
					"$(inherited)",
				);
				GCC_WARN_64_TO_32_BIT_CONVERSION = YES;
				GCC_WARN_ABOUT_RETURN_TYPE = YES_ERROR;
				GCC_WARN_UNDECLARED_SELECTOR = YES;
				GCC_WARN_UNINITIALIZED_AUTOS = YES_AGGRESSIVE;
				GCC_WARN_UNUSED_FUNCTION = YES;
				GCC_WARN_UNUSED_VARIABLE = YES;
				MACOSX_DEPLOYMENT_TARGET = 11.1;
				MTL_ENABLE_DEBUG_INFO = INCLUDE_SOURCE;
				MTL_FAST_MATH = YES;
				ONLY_ACTIVE_ARCH = YES;
				SDKROOT = macosx;
			};
			name = Debug;
		};
		36A1C24A25C3E01000A6C07C /* Release */ = {
			isa = XCBuildConfiguration;
			buildSettings = {
				ALWAYS_SEARCH_USER_PATHS = NO;
				CLANG_ANALYZER_NONNULL = YES;
				CLANG_ANALYZER_NUMBER_OBJECT_CONVERSION = YES_AGGRESSIVE;
				CLANG_CXX_LANGUAGE_STANDARD = "gnu++14";
				CLANG_CXX_LIBRARY = "libc++";
				CLANG_ENABLE_MODULES = YES;
				CLANG_ENABLE_OBJC_ARC = YES;
				CLANG_ENABLE_OBJC_WEAK = YES;
				CLANG_WARN_BLOCK_CAPTURE_AUTORELEASING = YES;
				CLANG_WARN_BOOL_CONVERSION = YES;
				CLANG_WARN_COMMA = YES;
				CLANG_WARN_CONSTANT_CONVERSION = YES;
				CLANG_WARN_DEPRECATED_OBJC_IMPLEMENTATIONS = YES;
				CLANG_WARN_DIRECT_OBJC_ISA_USAGE = YES_ERROR;
				CLANG_WARN_DOCUMENTATION_COMMENTS = YES;
				CLANG_WARN_EMPTY_BODY = YES;
				CLANG_WARN_ENUM_CONVERSION = YES;
				CLANG_WARN_INFINITE_RECURSION = YES;
				CLANG_WARN_INT_CONVERSION = YES;
				CLANG_WARN_NON_LITERAL_NULL_CONVERSION = YES;
				CLANG_WARN_OBJC_IMPLICIT_RETAIN_SELF = YES;
				CLANG_WARN_OBJC_LITERAL_CONVERSION = YES;
				CLANG_WARN_OBJC_ROOT_CLASS = YES_ERROR;
				CLANG_WARN_QUOTED_INCLUDE_IN_FRAMEWORK_HEADER = YES;
				CLANG_WARN_RANGE_LOOP_ANALYSIS = YES;
				CLANG_WARN_STRICT_PROTOTYPES = YES;
				CLANG_WARN_SUSPICIOUS_MOVE = YES;
				CLANG_WARN_UNGUARDED_AVAILABILITY = YES_AGGRESSIVE;
				CLANG_WARN_UNREACHABLE_CODE = YES;
				CLANG_WARN__DUPLICATE_METHOD_MATCH = YES;
				COPY_PHASE_STRIP = NO;
				DEBUG_INFORMATION_FORMAT = "dwarf-with-dsym";
				ENABLE_NS_ASSERTIONS = NO;
				ENABLE_STRICT_OBJC_MSGSEND = YES;
				GCC_C_LANGUAGE_STANDARD = gnu11;
				GCC_NO_COMMON_BLOCKS = YES;
				GCC_WARN_64_TO_32_BIT_CONVERSION = YES;
				GCC_WARN_ABOUT_RETURN_TYPE = YES_ERROR;
				GCC_WARN_UNDECLARED_SELECTOR = YES;
				GCC_WARN_UNINITIALIZED_AUTOS = YES_AGGRESSIVE;
				GCC_WARN_UNUSED_FUNCTION = YES;
				GCC_WARN_UNUSED_VARIABLE = YES;
				MACOSX_DEPLOYMENT_TARGET = 11.1;
				MTL_ENABLE_DEBUG_INFO = NO;
				MTL_FAST_MATH = YES;
				SDKROOT = macosx;
			};
			name = Release;
		};
		36A1C24C25C3E01000A6C07C /* Debug */ = {
			isa = XCBuildConfiguration;
			buildSettings = {
				CODE_SIGN_STYLE = Automatic;
				HEADER_SEARCH_PATHS = (
					/usr/local/Cellar/glew/2.1.0/include/GL,
					/usr/local/Cellar/glfw/3.3.2/include/GLFW,
					"/usr/local/Cellar/libusb/1.0.24/include/libusb-1.0",
					/usr/local/Cellar/libfreenect/0.6.1_1/include/libfreenect,
				);
				LIBRARY_SEARCH_PATHS = (
					"$(inherited)",
					/usr/local/Cellar/glew/2.1.0/lib,
					/usr/local/Cellar/glfw/3.3.2/lib,
					/usr/local/Cellar/libusb/1.0.24/lib,
					/usr/local/Cellar/libfreenect/0.6.1_1/lib,
				);
				PRODUCT_NAME = "$(TARGET_NAME)";
			};
			name = Debug;
		};
		36A1C24D25C3E01000A6C07C /* Release */ = {
			isa = XCBuildConfiguration;
			buildSettings = {
				CODE_SIGN_STYLE = Automatic;
				HEADER_SEARCH_PATHS = (
					/usr/local/Cellar/glew/2.1.0/include/GL,
					/usr/local/Cellar/glfw/3.3.2/include/GLFW,
					"/usr/local/Cellar/libusb/1.0.24/include/libusb-1.0",
					/usr/local/Cellar/libfreenect/0.6.1_1/include/libfreenect,
				);
				LIBRARY_SEARCH_PATHS = (
					"$(inherited)",
					/usr/local/Cellar/glew/2.1.0/lib,
					/usr/local/Cellar/glfw/3.3.2/lib,
					/usr/local/Cellar/libusb/1.0.24/lib,
					/usr/local/Cellar/libfreenect/0.6.1_1/lib,
				);
				PRODUCT_NAME = "$(TARGET_NAME)";
			};
			name = Release;
		};
/* End XCBuildConfiguration section */

/* Begin XCConfigurationList section */
		36A1C23F25C3E01000A6C07C /* Build configuration list for PBXProject "KinectApp" */ = {
			isa = XCConfigurationList;
			buildConfigurations = (
				36A1C24925C3E01000A6C07C /* Debug */,
				36A1C24A25C3E01000A6C07C /* Release */,
			);
			defaultConfigurationIsVisible = 0;
			defaultConfigurationName = Release;
		};
		36A1C24B25C3E01000A6C07C /* Build configuration list for PBXNativeTarget "KinectApp" */ = {
			isa = XCConfigurationList;
			buildConfigurations = (
				36A1C24C25C3E01000A6C07C /* Debug */,
				36A1C24D25C3E01000A6C07C /* Release */,
			);
			defaultConfigurationIsVisible = 0;
			defaultConfigurationName = Release;
		};
/* End XCConfigurationList section */
	};
	rootObject = 36A1C23C25C3E01000A6C07C /* Project object */;
}
